
Microsoft Visual Studio Solution File, Format Version 12.00
# Visual Studio 2012
Project("{FAE04EC0-301F-11D3-BF4B-00C04F79EFBC}") = "TestMSBuildNuGetImports", "TestMSBuildNuGetImports\TestMSBuildNuGetImports.csproj", "{9952A8A2-FEC0-4705-9712-BFF678029837}"
EndProject
Global
	GlobalSection(SolutionConfigurationPlatforms) = preSolution
		Debug|Any CPU = Debug|Any CPU
		Release|Any CPU = Release|Any CPU
	EndGlobalSection
	GlobalSection(ProjectConfigurationPlatforms) = postSolution
		{9952A8A2-FEC0-4705-9712-BFF678029837}.Debug|Any CPU.ActiveCfg = Debug|Any CPU
		{9952A8A2-FEC0-4705-9712-BFF678029837}.Debug|Any CPU.Build.0 = Debug|Any CPU
		{9952A8A2-FEC0-4705-9712-BFF678029837}.Release|Any CPU.ActiveCfg = Release|Any CPU
		{9952A8A2-FEC0-4705-9712-BFF678029837}.Release|Any CPU.Build.0 = Release|Any CPU
	EndGlobalSection
EndGlobal
